
Microsoft Visual Studio Solution File, Format Version 12.00
# Visual Studio Version 16
VisualStudioVersion = 16.0.28729.10
MinimumVisualStudioVersion = 10.0.40219.1
Project("{9A19103F-16F7-4668-BE54-9A1E7A4F7556}") = "BISM.OS.Common", "BISM.OS.Common\BISM.OS.Common.csproj", "{28E74813-116D-4196-A58B-44A196C77E82}"
EndProject
Project("{9A19103F-16F7-4668-BE54-9A1E7A4F7556}") = "BISM.OS.Cache", "BISM.OS.Cache\BISM.OS.Cache.csproj", "{115C187A-6CF6-44BA-B5BF-C71972115EF7}"
EndProject
Project("{9A19103F-16F7-4668-BE54-9A1E7A4F7556}") = "BISM.OS.Entity", "BISM.OS.Entity\BISM.OS.Entity.csproj", "{B84A4103-6A65-4F77-8FE2-D2F765FCE4BC}"
EndProject
Project("{9A19103F-16F7-4668-BE54-9A1E7A4F7556}") = "BISM.OS.Domain", "BISM.OS.Domain\BISM.OS.Domain.csproj", "{1987ABB6-1663-4BCF-87CE-2D5FB13819E2}"
EndProject
Project("{9A19103F-16F7-4668-BE54-9A1E7A4F7556}") = "BISM.OS.Mapping", "BISM.OS.Mapping\BISM.OS.Mapping.csproj", "{321AD72D-FEF4-401C-8EA2-FD38F033BADA}"
EndProject
Project("{9A19103F-16F7-4668-BE54-9A1E7A4F7556}") = "BISM.OS.IRepository", "BISM.OS.IRepository\BISM.OS.IRepository.csproj", "{9DA3A33E-DDD4-4996-9835-0CA34C94ABA7}"
EndProject
Project("{9A19103F-16F7-4668-BE54-9A1E7A4F7556}") = "BISM.OS.Repository", "BISM.OS.Repository\BISM.OS.Repository.csproj", "{1F9E0430-17CE-42FF-9A8B-F79B0E266DD4}"
EndProject
Project("{9A19103F-16F7-4668-BE54-9A1E7A4F7556}") = "BISM.OS.IService", "BISM.OS.IService\BISM.OS.IService.csproj", "{73968B87-550E-4353-8D2F-7ED02F71D428}"
EndProject
Project("{9A19103F-16F7-4668-BE54-9A1E7A4F7556}") = "BISM.OS.Service", "BISM.OS.Service\BISM.OS.Service.csproj", "{5ECF86D9-D331-4793-AFA7-0BC5EB70F6AF}"
EndProject
Project("{9A19103F-16F7-4668-BE54-9A1E7A4F7556}") = "BISM.OS.DatabaseCore", "BISM.OS.DatabaseCore\BISM.OS.DatabaseCore.csproj", "{48E461DE-3C48-4936-B46D-CDD351FFAD37}"
EndProject
Project("{9A19103F-16F7-4668-BE54-9A1E7A4F7556}") = "BISM.OS.WebApi", "BISM.OS.WebApi\BISM.OS.WebApi.csproj", "{BB6B16A3-D295-47AE-BADF-B39702A868CB}"
EndProject
Project("{9A19103F-16F7-4668-BE54-9A1E7A4F7556}") = "BISM.OS.Ioc", "BISM.OS.Ioc\BISM.OS.Ioc.csproj", "{C0CC0C82-602F-46B3-ABF5-D997A742615E}"
EndProject
Project("{2150E333-8FDC-42A3-9474-1A3956D46DE8}") = "业务逻辑层", "业务逻辑层", "{8BB79E35-645F-4670-A412-45E99A73F05A}"
EndProject
Project("{2150E333-8FDC-42A3-9474-1A3956D46DE8}") = "数据仓储层", "数据仓储层", "{80C88473-7312-4436-BD52-3103EC9FA499}"
EndProject
Project("{2150E333-8FDC-42A3-9474-1A3956D46DE8}") = "公共层", "公共层", "{A6F01DA7-D1BA-4E7E-ABFA-16B52B9B7868}"
EndProject
Project("{2150E333-8FDC-42A3-9474-1A3956D46DE8}") = "实体层", "实体层", "{A91E4D75-91A9-45CD-840E-5615F6EAB8EE}"
EndProject
Project("{2150E333-8FDC-42A3-9474-1A3956D46DE8}") = "注入层", "注入层", "{0049E1EC-2DEE-4986-9DDA-21FD190DCA29}"
EndProject
Project("{FAE04EC0-301F-11D3-BF4B-00C04F79EFBC}") = "BISM.OS.AOP", "BISM.OS.AOP\BISM.OS.AOP.csproj", "{01BC1002-4472-4FAE-8749-5F7923397C5F}"
EndProject
Project("{FAE04EC0-301F-11D3-BF4B-00C04F79EFBC}") = "BISM.OS.JWT", "BISM.OS.JWT\BISM.OS.JWT.csproj", "{8A157591-968B-47BC-B174-738769851F18}"
EndProject
Global
	GlobalSection(SolutionConfigurationPlatforms) = preSolution
		Debug|Any CPU = Debug|Any CPU
		Release|Any CPU = Release|Any CPU
	EndGlobalSection
	GlobalSection(ProjectConfigurationPlatforms) = postSolution
		{28E74813-116D-4196-A58B-44A196C77E82}.Debug|Any CPU.ActiveCfg = Debug|Any CPU
		{28E74813-116D-4196-A58B-44A196C77E82}.Debug|Any CPU.Build.0 = Debug|Any CPU
		{28E74813-116D-4196-A58B-44A196C77E82}.Release|Any CPU.ActiveCfg = Release|Any CPU
		{28E74813-116D-4196-A58B-44A196C77E82}.Release|Any CPU.Build.0 = Release|Any CPU
		{115C187A-6CF6-44BA-B5BF-C71972115EF7}.Debug|Any CPU.ActiveCfg = Debug|Any CPU
		{115C187A-6CF6-44BA-B5BF-C71972115EF7}.Debug|Any CPU.Build.0 = Debug|Any CPU
		{115C187A-6CF6-44BA-B5BF-C71972115EF7}.Release|Any CPU.ActiveCfg = Release|Any CPU
		{115C187A-6CF6-44BA-B5BF-C71972115EF7}.Release|Any CPU.Build.0 = Release|Any CPU
		{B84A4103-6A65-4F77-8FE2-D2F765FCE4BC}.Debug|Any CPU.ActiveCfg = Debug|Any CPU
		{B84A4103-6A65-4F77-8FE2-D2F765FCE4BC}.Debug|Any CPU.Build.0 = Debug|Any CPU
		{B84A4103-6A65-4F77-8FE2-D2F765FCE4BC}.Release|Any CPU.ActiveCfg = Release|Any CPU
		{B84A4103-6A65-4F77-8FE2-D2F765FCE4BC}.Release|Any CPU.Build.0 = Release|Any CPU
		{1987ABB6-1663-4BCF-87CE-2D5FB13819E2}.Debug|Any CPU.ActiveCfg = Debug|Any CPU
		{1987ABB6-1663-4BCF-87CE-2D5FB13819E2}.Debug|Any CPU.Build.0 = Debug|Any CPU
		{1987ABB6-1663-4BCF-87CE-2D5FB13819E2}.Release|Any CPU.ActiveCfg = Release|Any CPU
		{1987ABB6-1663-4BCF-87CE-2D5FB13819E2}.Release|Any CPU.Build.0 = Release|Any CPU
		{321AD72D-FEF4-401C-8EA2-FD38F033BADA}.Debug|Any CPU.ActiveCfg = Debug|Any CPU
		{321AD72D-FEF4-401C-8EA2-FD38F033BADA}.Debug|Any CPU.Build.0 = Debug|Any CPU
		{321AD72D-FEF4-401C-8EA2-FD38F033BADA}.Release|Any CPU.ActiveCfg = Release|Any CPU
		{321AD72D-FEF4-401C-8EA2-FD38F033BADA}.Release|Any CPU.Build.0 = Release|Any CPU
		{9DA3A33E-DDD4-4996-9835-0CA34C94ABA7}.Debug|Any CPU.ActiveCfg = Debug|Any CPU
		{9DA3A33E-DDD4-4996-9835-0CA34C94ABA7}.Debug|Any CPU.Build.0 = Debug|Any CPU
		{9DA3A33E-DDD4-4996-9835-0CA34C94ABA7}.Release|Any CPU.ActiveCfg = Release|Any CPU
		{9DA3A33E-DDD4-4996-9835-0CA34C94ABA7}.Release|Any CPU.Build.0 = Release|Any CPU
		{1F9E0430-17CE-42FF-9A8B-F79B0E266DD4}.Debug|Any CPU.ActiveCfg = Debug|Any CPU
		{1F9E0430-17CE-42FF-9A8B-F79B0E266DD4}.Debug|Any CPU.Build.0 = Debug|Any CPU
		{1F9E0430-17CE-42FF-9A8B-F79B0E266DD4}.Release|Any CPU.ActiveCfg = Release|Any CPU
		{1F9E0430-17CE-42FF-9A8B-F79B0E266DD4}.Release|Any CPU.Build.0 = Release|Any CPU
		{73968B87-550E-4353-8D2F-7ED02F71D428}.Debug|Any CPU.ActiveCfg = Debug|Any CPU
		{73968B87-550E-4353-8D2F-7ED02F71D428}.Debug|Any CPU.Build.0 = Debug|Any CPU
		{73968B87-550E-4353-8D2F-7ED02F71D428}.Release|Any CPU.ActiveCfg = Release|Any CPU
		{73968B87-550E-4353-8D2F-7ED02F71D428}.Release|Any CPU.Build.0 = Release|Any CPU
		{5ECF86D9-D331-4793-AFA7-0BC5EB70F6AF}.Debug|Any CPU.ActiveCfg = Debug|Any CPU
		{5ECF86D9-D331-4793-AFA7-0BC5EB70F6AF}.Debug|Any CPU.Build.0 = Debug|Any CPU
		{5ECF86D9-D331-4793-AFA7-0BC5EB70F6AF}.Release|Any CPU.ActiveCfg = Release|Any CPU
		{5ECF86D9-D331-4793-AFA7-0BC5EB70F6AF}.Release|Any CPU.Build.0 = Release|Any CPU
		{48E461DE-3C48-4936-B46D-CDD351FFAD37}.Debug|Any CPU.ActiveCfg = Debug|Any CPU
		{48E461DE-3C48-4936-B46D-CDD351FFAD37}.Debug|Any CPU.Build.0 = Debug|Any CPU
		{48E461DE-3C48-4936-B46D-CDD351FFAD37}.Release|Any CPU.ActiveCfg = Release|Any CPU
		{48E461DE-3C48-4936-B46D-CDD351FFAD37}.Release|Any CPU.Build.0 = Release|Any CPU
		{BB6B16A3-D295-47AE-BADF-B39702A868CB}.Debug|Any CPU.ActiveCfg = Debug|Any CPU
		{BB6B16A3-D295-47AE-BADF-B39702A868CB}.Debug|Any CPU.Build.0 = Debug|Any CPU
		{BB6B16A3-D295-47AE-BADF-B39702A868CB}.Release|Any CPU.ActiveCfg = Release|Any CPU
		{BB6B16A3-D295-47AE-BADF-B39702A868CB}.Release|Any CPU.Build.0 = Release|Any CPU
		{C0CC0C82-602F-46B3-ABF5-D997A742615E}.Debug|Any CPU.ActiveCfg = Debug|Any CPU
		{C0CC0C82-602F-46B3-ABF5-D997A742615E}.Debug|Any CPU.Build.0 = Debug|Any CPU
		{C0CC0C82-602F-46B3-ABF5-D997A742615E}.Release|Any CPU.ActiveCfg = Release|Any CPU
		{C0CC0C82-602F-46B3-ABF5-D997A742615E}.Release|Any CPU.Build.0 = Release|Any CPU
		{01BC1002-4472-4FAE-8749-5F7923397C5F}.Debug|Any CPU.ActiveCfg = Debug|Any CPU
		{01BC1002-4472-4FAE-8749-5F7923397C5F}.Debug|Any CPU.Build.0 = Debug|Any CPU
		{01BC1002-4472-4FAE-8749-5F7923397C5F}.Release|Any CPU.ActiveCfg = Release|Any CPU
		{01BC1002-4472-4FAE-8749-5F7923397C5F}.Release|Any CPU.Build.0 = Release|Any CPU
		{8A157591-968B-47BC-B174-738769851F18}.Debug|Any CPU.ActiveCfg = Debug|Any CPU
		{8A157591-968B-47BC-B174-738769851F18}.Debug|Any CPU.Build.0 = Debug|Any CPU
		{8A157591-968B-47BC-B174-738769851F18}.Release|Any CPU.ActiveCfg = Release|Any CPU
		{8A157591-968B-47BC-B174-738769851F18}.Release|Any CPU.Build.0 = Release|Any CPU
	EndGlobalSection
	GlobalSection(SolutionProperties) = preSolution
		HideSolutionNode = FALSE
	EndGlobalSection
	GlobalSection(NestedProjects) = preSolution
		{28E74813-116D-4196-A58B-44A196C77E82} = {A6F01DA7-D1BA-4E7E-ABFA-16B52B9B7868}
		{115C187A-6CF6-44BA-B5BF-C71972115EF7} = {A6F01DA7-D1BA-4E7E-ABFA-16B52B9B7868}
		{B84A4103-6A65-4F77-8FE2-D2F765FCE4BC} = {A91E4D75-91A9-45CD-840E-5615F6EAB8EE}
		{1987ABB6-1663-4BCF-87CE-2D5FB13819E2} = {A91E4D75-91A9-45CD-840E-5615F6EAB8EE}
		{321AD72D-FEF4-401C-8EA2-FD38F033BADA} = {0049E1EC-2DEE-4986-9DDA-21FD190DCA29}
		{9DA3A33E-DDD4-4996-9835-0CA34C94ABA7} = {80C88473-7312-4436-BD52-3103EC9FA499}
		{1F9E0430-17CE-42FF-9A8B-F79B0E266DD4} = {80C88473-7312-4436-BD52-3103EC9FA499}
		{73968B87-550E-4353-8D2F-7ED02F71D428} = {8BB79E35-645F-4670-A412-45E99A73F05A}
		{5ECF86D9-D331-4793-AFA7-0BC5EB70F6AF} = {8BB79E35-645F-4670-A412-45E99A73F05A}
		{48E461DE-3C48-4936-B46D-CDD351FFAD37} = {80C88473-7312-4436-BD52-3103EC9FA499}
		{C0CC0C82-602F-46B3-ABF5-D997A742615E} = {0049E1EC-2DEE-4986-9DDA-21FD190DCA29}
		{01BC1002-4472-4FAE-8749-5F7923397C5F} = {0049E1EC-2DEE-4986-9DDA-21FD190DCA29}
		{8A157591-968B-47BC-B174-738769851F18} = {A6F01DA7-D1BA-4E7E-ABFA-16B52B9B7868}
	EndGlobalSection
	GlobalSection(ExtensibilityGlobals) = postSolution
		SolutionGuid = {FBF0C8F8-3496-44C9-A81C-B1D48F196B5D}
	EndGlobalSection
EndGlobal
